
Microsoft Visual Studio Solution File, Format Version 12.00
# Visual Studio 15
VisualStudioVersion = 15.0.26124.0
MinimumVisualStudioVersion = 15.0.26124.0
Project("{FAE04EC0-301F-11D3-BF4B-00C04F79EFBC}") = "Microservices.Common.Shell", "Microservices.Common.Shell\Microservices.Common.Shell.csproj", "{8FD01334-A05E-4958-BD19-E8CCB4CACD69}"
EndProject
Project("{FAE04EC0-301F-11D3-BF4B-00C04F79EFBC}") = "Microservices.Common.CQRS", "Microservices.Common.CQRS\Microservices.Common.CQRS.csproj", "{F34D0A14-A59A-4CBD-9C4A-68EB796DE179}"
EndProject
Project("{FAE04EC0-301F-11D3-BF4B-00C04F79EFBC}") = "Microservices.Common.Prometheus", "Microservices.Common.Prometheus\Microservices.Common.Prometheus.csproj", "{0560C6BC-7EB6-47AD-9A59-B16F0145A52B}"
EndProject
Project("{FAE04EC0-301F-11D3-BF4B-00C04F79EFBC}") = "Microservices.Common.RabbitMq", "Microservices.Common.RabbitMq\Microservices.Common.RabbitMq.csproj", "{8C3C8B93-5971-470D-869D-0B931EC32759}"
EndProject
Project("{2150E333-8FDC-42A3-9474-1A3956D46DE8}") = "Microservices.Services.Posts", "Microservices.Services.Posts", "{42047B58-CD85-42A5-9CAE-407C764F363C}"
EndProject
Project("{FAE04EC0-301F-11D3-BF4B-00C04F79EFBC}") = "Microservices.Services.Posts.Api", "Microservices.Services.Posts\Microservices.Services.Posts.Api\Microservices.Services.Posts.Api.csproj", "{5DFFE223-8E6F-4D0B-A777-2EE33A6149C1}"
EndProject
Project("{FAE04EC0-301F-11D3-BF4B-00C04F79EFBC}") = "Microservices.Services.Posts.Infrastructure", "Microservices.Services.Posts\Microservices.Services.Posts.Infrastructure\Microservices.Services.Posts.Infrastructure.csproj", "{27E76E86-8248-4769-8B60-ECDEA3D0FC1A}"
EndProject
Project("{FAE04EC0-301F-11D3-BF4B-00C04F79EFBC}") = "Microservices.Services.Posts.Application", "Microservices.Services.Posts\Microservices.Services.Posts.Application\Microservices.Services.Posts.Application.csproj", "{3CF04F03-6196-4AED-B7D1-1D79FDE748B6}"
EndProject
Project("{FAE04EC0-301F-11D3-BF4B-00C04F79EFBC}") = "Microservices.Services.Posts.Core", "Microservices.Services.Posts\Microservices.Services.Posts.Core\Microservices.Services.Posts.Core.csproj", "{27A913FE-9C97-4274-B5F9-4F8848AFFF24}"
EndProject
Project("{FAE04EC0-301F-11D3-BF4B-00C04F79EFBC}") = "Microservices.Common.Redis", "Microservices.Common.Redis\Microservices.Common.Redis.csproj", "{97843332-BD3B-4349-B59C-B19B96691330}"
EndProject
Project("{2150E333-8FDC-42A3-9474-1A3956D46DE8}") = "Microservices.Services.Comments", "Microservices.Services.Comments", "{EDCC169D-D79B-4301-9866-D6655B6E7AAC}"
EndProject
Project("{FAE04EC0-301F-11D3-BF4B-00C04F79EFBC}") = "Microservices.Services.Posts.Comments.Api", "Microservices.Services.Comments\Microservices.Services.Comments.Api\Microservices.Services.Posts.Comments.Api.csproj", "{35FAB985-705D-4AB7-8A2E-2A45A327C6FC}"
EndProject
Project("{FAE04EC0-301F-11D3-BF4B-00C04F79EFBC}") = "Microservices.Services.Comments.Application", "Microservices.Services.Comments\Microservices.Services.Comments.Application\Microservices.Services.Comments.Application.csproj", "{62143232-5C73-42FD-865D-FEB57B8CFF43}"
EndProject
Project("{FAE04EC0-301F-11D3-BF4B-00C04F79EFBC}") = "Microservices.Services.Comments.Infrastructure", "Microservices.Services.Comments\Microservices.Services.Comments.Infrastructure\Microservices.Services.Comments.Infrastructure.csproj", "{52A5851D-6074-4536-A57C-B99EA9808A60}"
EndProject
Project("{FAE04EC0-301F-11D3-BF4B-00C04F79EFBC}") = "Microservices.Services.Posts.Comments", "Microservices.Services.Comments\Microservices.Services.Comments.Core\Microservices.Services.Posts.Comments.csproj", "{DB348DC3-5536-4CD7-A8D9-2E69F3585E70}"
EndProject
Project("{FAE04EC0-301F-11D3-BF4B-00C04F79EFBC}") = "Microservices.Common.WebApi", "Microservices.Common.WebApi\Microservices.Common.WebApi.csproj", "{FFFCF30A-E412-43C0-8F02-E9361AB9D837}"
EndProject
Project("{FAE04EC0-301F-11D3-BF4B-00C04F79EFBC}") = "Microservices.Api", "Microservices.Api\Microservices.Api.csproj", "{9023EF99-DE36-4EAF-8466-94D219473446}"
EndProject
Project("{FAE04EC0-301F-11D3-BF4B-00C04F79EFBC}") = "Microservices.Common.Logging", "Microservices.Common.Logging\Microservices.Common.Logging.csproj", "{902AC176-BF12-4854-9CC4-F6CB35E08A05}"
EndProject
Project("{FAE04EC0-301F-11D3-BF4B-00C04F79EFBC}") = "Microservices.Common.AppMetrics", "Microservices.Common.AppMetrics\Microservices.Common.AppMetrics.csproj", "{81A99331-6AFD-479F-B7E9-BDB8CF141B9E}"
EndProject
Project("{2150E333-8FDC-42A3-9474-1A3956D46DE8}") = "Microservices.Services.Identity", "Microservices.Services.Identity", "{841E0C81-03F4-41B2-9023-F8905B8EDFAE}"
EndProject
Project("{FAE04EC0-301F-11D3-BF4B-00C04F79EFBC}") = "Microservices.Services.Identity.Api", "Microservices.Services.Identity\Microservices.Services.Identity.Api\Microservices.Services.Identity.Api.csproj", "{DF5A1D48-ED3D-48D5-BA24-D62F541DD57C}"
EndProject
Global
	GlobalSection(SolutionConfigurationPlatforms) = preSolution
		Debug|Any CPU = Debug|Any CPU
		Debug|x64 = Debug|x64
		Debug|x86 = Debug|x86
		Release|Any CPU = Release|Any CPU
		Release|x64 = Release|x64
		Release|x86 = Release|x86
	EndGlobalSection
	GlobalSection(SolutionProperties) = preSolution
		HideSolutionNode = FALSE
	EndGlobalSection
	GlobalSection(ProjectConfigurationPlatforms) = postSolution
		{8FD01334-A05E-4958-BD19-E8CCB4CACD69}.Debug|Any CPU.ActiveCfg = Debug|Any CPU
		{8FD01334-A05E-4958-BD19-E8CCB4CACD69}.Debug|Any CPU.Build.0 = Debug|Any CPU
		{8FD01334-A05E-4958-BD19-E8CCB4CACD69}.Debug|x64.ActiveCfg = Debug|Any CPU
		{8FD01334-A05E-4958-BD19-E8CCB4CACD69}.Debug|x64.Build.0 = Debug|Any CPU
		{8FD01334-A05E-4958-BD19-E8CCB4CACD69}.Debug|x86.ActiveCfg = Debug|Any CPU
		{8FD01334-A05E-4958-BD19-E8CCB4CACD69}.Debug|x86.Build.0 = Debug|Any CPU
		{8FD01334-A05E-4958-BD19-E8CCB4CACD69}.Release|Any CPU.ActiveCfg = Release|Any CPU
		{8FD01334-A05E-4958-BD19-E8CCB4CACD69}.Release|Any CPU.Build.0 = Release|Any CPU
		{8FD01334-A05E-4958-BD19-E8CCB4CACD69}.Release|x64.ActiveCfg = Release|Any CPU
		{8FD01334-A05E-4958-BD19-E8CCB4CACD69}.Release|x64.Build.0 = Release|Any CPU
		{8FD01334-A05E-4958-BD19-E8CCB4CACD69}.Release|x86.ActiveCfg = Release|Any CPU
		{8FD01334-A05E-4958-BD19-E8CCB4CACD69}.Release|x86.Build.0 = Release|Any CPU
		{F34D0A14-A59A-4CBD-9C4A-68EB796DE179}.Debug|Any CPU.ActiveCfg = Debug|Any CPU
		{F34D0A14-A59A-4CBD-9C4A-68EB796DE179}.Debug|Any CPU.Build.0 = Debug|Any CPU
		{F34D0A14-A59A-4CBD-9C4A-68EB796DE179}.Debug|x64.ActiveCfg = Debug|Any CPU
		{F34D0A14-A59A-4CBD-9C4A-68EB796DE179}.Debug|x64.Build.0 = Debug|Any CPU
		{F34D0A14-A59A-4CBD-9C4A-68EB796DE179}.Debug|x86.ActiveCfg = Debug|Any CPU
		{F34D0A14-A59A-4CBD-9C4A-68EB796DE179}.Debug|x86.Build.0 = Debug|Any CPU
		{F34D0A14-A59A-4CBD-9C4A-68EB796DE179}.Release|Any CPU.ActiveCfg = Release|Any CPU
		{F34D0A14-A59A-4CBD-9C4A-68EB796DE179}.Release|Any CPU.Build.0 = Release|Any CPU
		{F34D0A14-A59A-4CBD-9C4A-68EB796DE179}.Release|x64.ActiveCfg = Release|Any CPU
		{F34D0A14-A59A-4CBD-9C4A-68EB796DE179}.Release|x64.Build.0 = Release|Any CPU
		{F34D0A14-A59A-4CBD-9C4A-68EB796DE179}.Release|x86.ActiveCfg = Release|Any CPU
		{F34D0A14-A59A-4CBD-9C4A-68EB796DE179}.Release|x86.Build.0 = Release|Any CPU
		{0560C6BC-7EB6-47AD-9A59-B16F0145A52B}.Debug|Any CPU.ActiveCfg = Debug|Any CPU
		{0560C6BC-7EB6-47AD-9A59-B16F0145A52B}.Debug|Any CPU.Build.0 = Debug|Any CPU
		{0560C6BC-7EB6-47AD-9A59-B16F0145A52B}.Debug|x64.ActiveCfg = Debug|Any CPU
		{0560C6BC-7EB6-47AD-9A59-B16F0145A52B}.Debug|x64.Build.0 = Debug|Any CPU
		{0560C6BC-7EB6-47AD-9A59-B16F0145A52B}.Debug|x86.ActiveCfg = Debug|Any CPU
		{0560C6BC-7EB6-47AD-9A59-B16F0145A52B}.Debug|x86.Build.0 = Debug|Any CPU
		{0560C6BC-7EB6-47AD-9A59-B16F0145A52B}.Release|Any CPU.ActiveCfg = Release|Any CPU
		{0560C6BC-7EB6-47AD-9A59-B16F0145A52B}.Release|Any CPU.Build.0 = Release|Any CPU
		{0560C6BC-7EB6-47AD-9A59-B16F0145A52B}.Release|x64.ActiveCfg = Release|Any CPU
		{0560C6BC-7EB6-47AD-9A59-B16F0145A52B}.Release|x64.Build.0 = Release|Any CPU
		{0560C6BC-7EB6-47AD-9A59-B16F0145A52B}.Release|x86.ActiveCfg = Release|Any CPU
		{0560C6BC-7EB6-47AD-9A59-B16F0145A52B}.Release|x86.Build.0 = Release|Any CPU
		{8C3C8B93-5971-470D-869D-0B931EC32759}.Debug|Any CPU.ActiveCfg = Debug|Any CPU
		{8C3C8B93-5971-470D-869D-0B931EC32759}.Debug|Any CPU.Build.0 = Debug|Any CPU
		{8C3C8B93-5971-470D-869D-0B931EC32759}.Debug|x64.ActiveCfg = Debug|Any CPU
		{8C3C8B93-5971-470D-869D-0B931EC32759}.Debug|x64.Build.0 = Debug|Any CPU
		{8C3C8B93-5971-470D-869D-0B931EC32759}.Debug|x86.ActiveCfg = Debug|Any CPU
		{8C3C8B93-5971-470D-869D-0B931EC32759}.Debug|x86.Build.0 = Debug|Any CPU
		{8C3C8B93-5971-470D-869D-0B931EC32759}.Release|Any CPU.ActiveCfg = Release|Any CPU
		{8C3C8B93-5971-470D-869D-0B931EC32759}.Release|Any CPU.Build.0 = Release|Any CPU
		{8C3C8B93-5971-470D-869D-0B931EC32759}.Release|x64.ActiveCfg = Release|Any CPU
		{8C3C8B93-5971-470D-869D-0B931EC32759}.Release|x64.Build.0 = Release|Any CPU
		{8C3C8B93-5971-470D-869D-0B931EC32759}.Release|x86.ActiveCfg = Release|Any CPU
		{8C3C8B93-5971-470D-869D-0B931EC32759}.Release|x86.Build.0 = Release|Any CPU
		{5DFFE223-8E6F-4D0B-A777-2EE33A6149C1}.Debug|Any CPU.ActiveCfg = Debug|Any CPU
		{5DFFE223-8E6F-4D0B-A777-2EE33A6149C1}.Debug|Any CPU.Build.0 = Debug|Any CPU
		{5DFFE223-8E6F-4D0B-A777-2EE33A6149C1}.Debug|x64.ActiveCfg = Debug|Any CPU
		{5DFFE223-8E6F-4D0B-A777-2EE33A6149C1}.Debug|x64.Build.0 = Debug|Any CPU
		{5DFFE223-8E6F-4D0B-A777-2EE33A6149C1}.Debug|x86.ActiveCfg = Debug|Any CPU
		{5DFFE223-8E6F-4D0B-A777-2EE33A6149C1}.Debug|x86.Build.0 = Debug|Any CPU
		{5DFFE223-8E6F-4D0B-A777-2EE33A6149C1}.Release|Any CPU.ActiveCfg = Release|Any CPU
		{5DFFE223-8E6F-4D0B-A777-2EE33A6149C1}.Release|Any CPU.Build.0 = Release|Any CPU
		{5DFFE223-8E6F-4D0B-A777-2EE33A6149C1}.Release|x64.ActiveCfg = Release|Any CPU
		{5DFFE223-8E6F-4D0B-A777-2EE33A6149C1}.Release|x64.Build.0 = Release|Any CPU
		{5DFFE223-8E6F-4D0B-A777-2EE33A6149C1}.Release|x86.ActiveCfg = Release|Any CPU
		{5DFFE223-8E6F-4D0B-A777-2EE33A6149C1}.Release|x86.Build.0 = Release|Any CPU
		{27E76E86-8248-4769-8B60-ECDEA3D0FC1A}.Debug|Any CPU.ActiveCfg = Debug|Any CPU
		{27E76E86-8248-4769-8B60-ECDEA3D0FC1A}.Debug|Any CPU.Build.0 = Debug|Any CPU
		{27E76E86-8248-4769-8B60-ECDEA3D0FC1A}.Debug|x64.ActiveCfg = Debug|Any CPU
		{27E76E86-8248-4769-8B60-ECDEA3D0FC1A}.Debug|x64.Build.0 = Debug|Any CPU
		{27E76E86-8248-4769-8B60-ECDEA3D0FC1A}.Debug|x86.ActiveCfg = Debug|Any CPU
		{27E76E86-8248-4769-8B60-ECDEA3D0FC1A}.Debug|x86.Build.0 = Debug|Any CPU
		{27E76E86-8248-4769-8B60-ECDEA3D0FC1A}.Release|Any CPU.ActiveCfg = Release|Any CPU
		{27E76E86-8248-4769-8B60-ECDEA3D0FC1A}.Release|Any CPU.Build.0 = Release|Any CPU
		{27E76E86-8248-4769-8B60-ECDEA3D0FC1A}.Release|x64.ActiveCfg = Release|Any CPU
		{27E76E86-8248-4769-8B60-ECDEA3D0FC1A}.Release|x64.Build.0 = Release|Any CPU
		{27E76E86-8248-4769-8B60-ECDEA3D0FC1A}.Release|x86.ActiveCfg = Release|Any CPU
		{27E76E86-8248-4769-8B60-ECDEA3D0FC1A}.Release|x86.Build.0 = Release|Any CPU
		{3CF04F03-6196-4AED-B7D1-1D79FDE748B6}.Debug|Any CPU.ActiveCfg = Debug|Any CPU
		{3CF04F03-6196-4AED-B7D1-1D79FDE748B6}.Debug|Any CPU.Build.0 = Debug|Any CPU
		{3CF04F03-6196-4AED-B7D1-1D79FDE748B6}.Debug|x64.ActiveCfg = Debug|Any CPU
		{3CF04F03-6196-4AED-B7D1-1D79FDE748B6}.Debug|x64.Build.0 = Debug|Any CPU
		{3CF04F03-6196-4AED-B7D1-1D79FDE748B6}.Debug|x86.ActiveCfg = Debug|Any CPU
		{3CF04F03-6196-4AED-B7D1-1D79FDE748B6}.Debug|x86.Build.0 = Debug|Any CPU
		{3CF04F03-6196-4AED-B7D1-1D79FDE748B6}.Release|Any CPU.ActiveCfg = Release|Any CPU
		{3CF04F03-6196-4AED-B7D1-1D79FDE748B6}.Release|Any CPU.Build.0 = Release|Any CPU
		{3CF04F03-6196-4AED-B7D1-1D79FDE748B6}.Release|x64.ActiveCfg = Release|Any CPU
		{3CF04F03-6196-4AED-B7D1-1D79FDE748B6}.Release|x64.Build.0 = Release|Any CPU
		{3CF04F03-6196-4AED-B7D1-1D79FDE748B6}.Release|x86.ActiveCfg = Release|Any CPU
		{3CF04F03-6196-4AED-B7D1-1D79FDE748B6}.Release|x86.Build.0 = Release|Any CPU
		{27A913FE-9C97-4274-B5F9-4F8848AFFF24}.Debug|Any CPU.ActiveCfg = Debug|Any CPU
		{27A913FE-9C97-4274-B5F9-4F8848AFFF24}.Debug|Any CPU.Build.0 = Debug|Any CPU
		{27A913FE-9C97-4274-B5F9-4F8848AFFF24}.Debug|x64.ActiveCfg = Debug|Any CPU
		{27A913FE-9C97-4274-B5F9-4F8848AFFF24}.Debug|x64.Build.0 = Debug|Any CPU
		{27A913FE-9C97-4274-B5F9-4F8848AFFF24}.Debug|x86.ActiveCfg = Debug|Any CPU
		{27A913FE-9C97-4274-B5F9-4F8848AFFF24}.Debug|x86.Build.0 = Debug|Any CPU
		{27A913FE-9C97-4274-B5F9-4F8848AFFF24}.Release|Any CPU.ActiveCfg = Release|Any CPU
		{27A913FE-9C97-4274-B5F9-4F8848AFFF24}.Release|Any CPU.Build.0 = Release|Any CPU
		{27A913FE-9C97-4274-B5F9-4F8848AFFF24}.Release|x64.ActiveCfg = Release|Any CPU
		{27A913FE-9C97-4274-B5F9-4F8848AFFF24}.Release|x64.Build.0 = Release|Any CPU
		{27A913FE-9C97-4274-B5F9-4F8848AFFF24}.Release|x86.ActiveCfg = Release|Any CPU
		{27A913FE-9C97-4274-B5F9-4F8848AFFF24}.Release|x86.Build.0 = Release|Any CPU
		{97843332-BD3B-4349-B59C-B19B96691330}.Debug|Any CPU.ActiveCfg = Debug|Any CPU
		{97843332-BD3B-4349-B59C-B19B96691330}.Debug|Any CPU.Build.0 = Debug|Any CPU
		{97843332-BD3B-4349-B59C-B19B96691330}.Debug|x64.ActiveCfg = Debug|Any CPU
		{97843332-BD3B-4349-B59C-B19B96691330}.Debug|x64.Build.0 = Debug|Any CPU
		{97843332-BD3B-4349-B59C-B19B96691330}.Debug|x86.ActiveCfg = Debug|Any CPU
		{97843332-BD3B-4349-B59C-B19B96691330}.Debug|x86.Build.0 = Debug|Any CPU
		{97843332-BD3B-4349-B59C-B19B96691330}.Release|Any CPU.ActiveCfg = Release|Any CPU
		{97843332-BD3B-4349-B59C-B19B96691330}.Release|Any CPU.Build.0 = Release|Any CPU
		{97843332-BD3B-4349-B59C-B19B96691330}.Release|x64.ActiveCfg = Release|Any CPU
		{97843332-BD3B-4349-B59C-B19B96691330}.Release|x64.Build.0 = Release|Any CPU
		{97843332-BD3B-4349-B59C-B19B96691330}.Release|x86.ActiveCfg = Release|Any CPU
		{97843332-BD3B-4349-B59C-B19B96691330}.Release|x86.Build.0 = Release|Any CPU
		{35FAB985-705D-4AB7-8A2E-2A45A327C6FC}.Debug|Any CPU.ActiveCfg = Debug|Any CPU
		{35FAB985-705D-4AB7-8A2E-2A45A327C6FC}.Debug|Any CPU.Build.0 = Debug|Any CPU
		{35FAB985-705D-4AB7-8A2E-2A45A327C6FC}.Debug|x64.ActiveCfg = Debug|Any CPU
		{35FAB985-705D-4AB7-8A2E-2A45A327C6FC}.Debug|x64.Build.0 = Debug|Any CPU
		{35FAB985-705D-4AB7-8A2E-2A45A327C6FC}.Debug|x86.ActiveCfg = Debug|Any CPU
		{35FAB985-705D-4AB7-8A2E-2A45A327C6FC}.Debug|x86.Build.0 = Debug|Any CPU
		{35FAB985-705D-4AB7-8A2E-2A45A327C6FC}.Release|Any CPU.ActiveCfg = Release|Any CPU
		{35FAB985-705D-4AB7-8A2E-2A45A327C6FC}.Release|Any CPU.Build.0 = Release|Any CPU
		{35FAB985-705D-4AB7-8A2E-2A45A327C6FC}.Release|x64.ActiveCfg = Release|Any CPU
		{35FAB985-705D-4AB7-8A2E-2A45A327C6FC}.Release|x64.Build.0 = Release|Any CPU
		{35FAB985-705D-4AB7-8A2E-2A45A327C6FC}.Release|x86.ActiveCfg = Release|Any CPU
		{35FAB985-705D-4AB7-8A2E-2A45A327C6FC}.Release|x86.Build.0 = Release|Any CPU
		{62143232-5C73-42FD-865D-FEB57B8CFF43}.Debug|Any CPU.ActiveCfg = Debug|Any CPU
		{62143232-5C73-42FD-865D-FEB57B8CFF43}.Debug|Any CPU.Build.0 = Debug|Any CPU
		{62143232-5C73-42FD-865D-FEB57B8CFF43}.Debug|x64.ActiveCfg = Debug|Any CPU
		{62143232-5C73-42FD-865D-FEB57B8CFF43}.Debug|x64.Build.0 = Debug|Any CPU
		{62143232-5C73-42FD-865D-FEB57B8CFF43}.Debug|x86.ActiveCfg = Debug|Any CPU
		{62143232-5C73-42FD-865D-FEB57B8CFF43}.Debug|x86.Build.0 = Debug|Any CPU
		{62143232-5C73-42FD-865D-FEB57B8CFF43}.Release|Any CPU.ActiveCfg = Release|Any CPU
		{62143232-5C73-42FD-865D-FEB57B8CFF43}.Release|Any CPU.Build.0 = Release|Any CPU
		{62143232-5C73-42FD-865D-FEB57B8CFF43}.Release|x64.ActiveCfg = Release|Any CPU
		{62143232-5C73-42FD-865D-FEB57B8CFF43}.Release|x64.Build.0 = Release|Any CPU
		{62143232-5C73-42FD-865D-FEB57B8CFF43}.Release|x86.ActiveCfg = Release|Any CPU
		{62143232-5C73-42FD-865D-FEB57B8CFF43}.Release|x86.Build.0 = Release|Any CPU
		{52A5851D-6074-4536-A57C-B99EA9808A60}.Debug|Any CPU.ActiveCfg = Debug|Any CPU
		{52A5851D-6074-4536-A57C-B99EA9808A60}.Debug|Any CPU.Build.0 = Debug|Any CPU
		{52A5851D-6074-4536-A57C-B99EA9808A60}.Debug|x64.ActiveCfg = Debug|Any CPU
		{52A5851D-6074-4536-A57C-B99EA9808A60}.Debug|x64.Build.0 = Debug|Any CPU
		{52A5851D-6074-4536-A57C-B99EA9808A60}.Debug|x86.ActiveCfg = Debug|Any CPU
		{52A5851D-6074-4536-A57C-B99EA9808A60}.Debug|x86.Build.0 = Debug|Any CPU
		{52A5851D-6074-4536-A57C-B99EA9808A60}.Release|Any CPU.ActiveCfg = Release|Any CPU
		{52A5851D-6074-4536-A57C-B99EA9808A60}.Release|Any CPU.Build.0 = Release|Any CPU
		{52A5851D-6074-4536-A57C-B99EA9808A60}.Release|x64.ActiveCfg = Release|Any CPU
		{52A5851D-6074-4536-A57C-B99EA9808A60}.Release|x64.Build.0 = Release|Any CPU
		{52A5851D-6074-4536-A57C-B99EA9808A60}.Release|x86.ActiveCfg = Release|Any CPU
		{52A5851D-6074-4536-A57C-B99EA9808A60}.Release|x86.Build.0 = Release|Any CPU
		{DB348DC3-5536-4CD7-A8D9-2E69F3585E70}.Debug|Any CPU.ActiveCfg = Debug|Any CPU
		{DB348DC3-5536-4CD7-A8D9-2E69F3585E70}.Debug|Any CPU.Build.0 = Debug|Any CPU
		{DB348DC3-5536-4CD7-A8D9-2E69F3585E70}.Debug|x64.ActiveCfg = Debug|Any CPU
		{DB348DC3-5536-4CD7-A8D9-2E69F3585E70}.Debug|x64.Build.0 = Debug|Any CPU
		{DB348DC3-5536-4CD7-A8D9-2E69F3585E70}.Debug|x86.ActiveCfg = Debug|Any CPU
		{DB348DC3-5536-4CD7-A8D9-2E69F3585E70}.Debug|x86.Build.0 = Debug|Any CPU
		{DB348DC3-5536-4CD7-A8D9-2E69F3585E70}.Release|Any CPU.ActiveCfg = Release|Any CPU
		{DB348DC3-5536-4CD7-A8D9-2E69F3585E70}.Release|Any CPU.Build.0 = Release|Any CPU
		{DB348DC3-5536-4CD7-A8D9-2E69F3585E70}.Release|x64.ActiveCfg = Release|Any CPU
		{DB348DC3-5536-4CD7-A8D9-2E69F3585E70}.Release|x64.Build.0 = Release|Any CPU
		{DB348DC3-5536-4CD7-A8D9-2E69F3585E70}.Release|x86.ActiveCfg = Release|Any CPU
		{DB348DC3-5536-4CD7-A8D9-2E69F3585E70}.Release|x86.Build.0 = Release|Any CPU
		{FFFCF30A-E412-43C0-8F02-E9361AB9D837}.Debug|Any CPU.ActiveCfg = Debug|Any CPU
		{FFFCF30A-E412-43C0-8F02-E9361AB9D837}.Debug|Any CPU.Build.0 = Debug|Any CPU
		{FFFCF30A-E412-43C0-8F02-E9361AB9D837}.Debug|x64.ActiveCfg = Debug|Any CPU
		{FFFCF30A-E412-43C0-8F02-E9361AB9D837}.Debug|x64.Build.0 = Debug|Any CPU
		{FFFCF30A-E412-43C0-8F02-E9361AB9D837}.Debug|x86.ActiveCfg = Debug|Any CPU
		{FFFCF30A-E412-43C0-8F02-E9361AB9D837}.Debug|x86.Build.0 = Debug|Any CPU
		{FFFCF30A-E412-43C0-8F02-E9361AB9D837}.Release|Any CPU.ActiveCfg = Release|Any CPU
		{FFFCF30A-E412-43C0-8F02-E9361AB9D837}.Release|Any CPU.Build.0 = Release|Any CPU
		{FFFCF30A-E412-43C0-8F02-E9361AB9D837}.Release|x64.ActiveCfg = Release|Any CPU
		{FFFCF30A-E412-43C0-8F02-E9361AB9D837}.Release|x64.Build.0 = Release|Any CPU
		{FFFCF30A-E412-43C0-8F02-E9361AB9D837}.Release|x86.ActiveCfg = Release|Any CPU
		{FFFCF30A-E412-43C0-8F02-E9361AB9D837}.Release|x86.Build.0 = Release|Any CPU
		{9023EF99-DE36-4EAF-8466-94D219473446}.Debug|Any CPU.ActiveCfg = Debug|Any CPU
		{9023EF99-DE36-4EAF-8466-94D219473446}.Debug|Any CPU.Build.0 = Debug|Any CPU
		{9023EF99-DE36-4EAF-8466-94D219473446}.Debug|x64.ActiveCfg = Debug|Any CPU
		{9023EF99-DE36-4EAF-8466-94D219473446}.Debug|x64.Build.0 = Debug|Any CPU
		{9023EF99-DE36-4EAF-8466-94D219473446}.Debug|x86.ActiveCfg = Debug|Any CPU
		{9023EF99-DE36-4EAF-8466-94D219473446}.Debug|x86.Build.0 = Debug|Any CPU
		{9023EF99-DE36-4EAF-8466-94D219473446}.Release|Any CPU.ActiveCfg = Release|Any CPU
		{9023EF99-DE36-4EAF-8466-94D219473446}.Release|Any CPU.Build.0 = Release|Any CPU
		{9023EF99-DE36-4EAF-8466-94D219473446}.Release|x64.ActiveCfg = Release|Any CPU
		{9023EF99-DE36-4EAF-8466-94D219473446}.Release|x64.Build.0 = Release|Any CPU
		{9023EF99-DE36-4EAF-8466-94D219473446}.Release|x86.ActiveCfg = Release|Any CPU
		{9023EF99-DE36-4EAF-8466-94D219473446}.Release|x86.Build.0 = Release|Any CPU
		{902AC176-BF12-4854-9CC4-F6CB35E08A05}.Debug|Any CPU.ActiveCfg = Debug|Any CPU
		{902AC176-BF12-4854-9CC4-F6CB35E08A05}.Debug|Any CPU.Build.0 = Debug|Any CPU
		{902AC176-BF12-4854-9CC4-F6CB35E08A05}.Debug|x64.ActiveCfg = Debug|Any CPU
		{902AC176-BF12-4854-9CC4-F6CB35E08A05}.Debug|x64.Build.0 = Debug|Any CPU
		{902AC176-BF12-4854-9CC4-F6CB35E08A05}.Debug|x86.ActiveCfg = Debug|Any CPU
		{902AC176-BF12-4854-9CC4-F6CB35E08A05}.Debug|x86.Build.0 = Debug|Any CPU
		{902AC176-BF12-4854-9CC4-F6CB35E08A05}.Release|Any CPU.ActiveCfg = Release|Any CPU
		{902AC176-BF12-4854-9CC4-F6CB35E08A05}.Release|Any CPU.Build.0 = Release|Any CPU
		{902AC176-BF12-4854-9CC4-F6CB35E08A05}.Release|x64.ActiveCfg = Release|Any CPU
		{902AC176-BF12-4854-9CC4-F6CB35E08A05}.Release|x64.Build.0 = Release|Any CPU
		{902AC176-BF12-4854-9CC4-F6CB35E08A05}.Release|x86.ActiveCfg = Release|Any CPU
		{902AC176-BF12-4854-9CC4-F6CB35E08A05}.Release|x86.Build.0 = Release|Any CPU
		{81A99331-6AFD-479F-B7E9-BDB8CF141B9E}.Debug|Any CPU.ActiveCfg = Debug|Any CPU
		{81A99331-6AFD-479F-B7E9-BDB8CF141B9E}.Debug|Any CPU.Build.0 = Debug|Any CPU
		{81A99331-6AFD-479F-B7E9-BDB8CF141B9E}.Debug|x64.ActiveCfg = Debug|Any CPU
		{81A99331-6AFD-479F-B7E9-BDB8CF141B9E}.Debug|x64.Build.0 = Debug|Any CPU
		{81A99331-6AFD-479F-B7E9-BDB8CF141B9E}.Debug|x86.ActiveCfg = Debug|Any CPU
		{81A99331-6AFD-479F-B7E9-BDB8CF141B9E}.Debug|x86.Build.0 = Debug|Any CPU
		{81A99331-6AFD-479F-B7E9-BDB8CF141B9E}.Release|Any CPU.ActiveCfg = Release|Any CPU
		{81A99331-6AFD-479F-B7E9-BDB8CF141B9E}.Release|Any CPU.Build.0 = Release|Any CPU
		{81A99331-6AFD-479F-B7E9-BDB8CF141B9E}.Release|x64.ActiveCfg = Release|Any CPU
		{81A99331-6AFD-479F-B7E9-BDB8CF141B9E}.Release|x64.Build.0 = Release|Any CPU
		{81A99331-6AFD-479F-B7E9-BDB8CF141B9E}.Release|x86.ActiveCfg = Release|Any CPU
		{81A99331-6AFD-479F-B7E9-BDB8CF141B9E}.Release|x86.Build.0 = Release|Any CPU
		{DF5A1D48-ED3D-48D5-BA24-D62F541DD57C}.Debug|Any CPU.ActiveCfg = Debug|Any CPU
		{DF5A1D48-ED3D-48D5-BA24-D62F541DD57C}.Debug|Any CPU.Build.0 = Debug|Any CPU
		{DF5A1D48-ED3D-48D5-BA24-D62F541DD57C}.Debug|x64.ActiveCfg = Debug|Any CPU
		{DF5A1D48-ED3D-48D5-BA24-D62F541DD57C}.Debug|x64.Build.0 = Debug|Any CPU
		{DF5A1D48-ED3D-48D5-BA24-D62F541DD57C}.Debug|x86.ActiveCfg = Debug|Any CPU
		{DF5A1D48-ED3D-48D5-BA24-D62F541DD57C}.Debug|x86.Build.0 = Debug|Any CPU
		{DF5A1D48-ED3D-48D5-BA24-D62F541DD57C}.Release|Any CPU.ActiveCfg = Release|Any CPU
		{DF5A1D48-ED3D-48D5-BA24-D62F541DD57C}.Release|Any CPU.Build.0 = Release|Any CPU
		{DF5A1D48-ED3D-48D5-BA24-D62F541DD57C}.Release|x64.ActiveCfg = Release|Any CPU
		{DF5A1D48-ED3D-48D5-BA24-D62F541DD57C}.Release|x64.Build.0 = Release|Any CPU
		{DF5A1D48-ED3D-48D5-BA24-D62F541DD57C}.Release|x86.ActiveCfg = Release|Any CPU
		{DF5A1D48-ED3D-48D5-BA24-D62F541DD57C}.Release|x86.Build.0 = Release|Any CPU
	EndGlobalSection
	GlobalSection(NestedProjects) = preSolution
		{5DFFE223-8E6F-4D0B-A777-2EE33A6149C1} = {42047B58-CD85-42A5-9CAE-407C764F363C}
		{27E76E86-8248-4769-8B60-ECDEA3D0FC1A} = {42047B58-CD85-42A5-9CAE-407C764F363C}
		{3CF04F03-6196-4AED-B7D1-1D79FDE748B6} = {42047B58-CD85-42A5-9CAE-407C764F363C}
		{27A913FE-9C97-4274-B5F9-4F8848AFFF24} = {42047B58-CD85-42A5-9CAE-407C764F363C}
		{35FAB985-705D-4AB7-8A2E-2A45A327C6FC} = {EDCC169D-D79B-4301-9866-D6655B6E7AAC}
		{62143232-5C73-42FD-865D-FEB57B8CFF43} = {EDCC169D-D79B-4301-9866-D6655B6E7AAC}
		{52A5851D-6074-4536-A57C-B99EA9808A60} = {EDCC169D-D79B-4301-9866-D6655B6E7AAC}
		{DB348DC3-5536-4CD7-A8D9-2E69F3585E70} = {EDCC169D-D79B-4301-9866-D6655B6E7AAC}
		{DF5A1D48-ED3D-48D5-BA24-D62F541DD57C} = {841E0C81-03F4-41B2-9023-F8905B8EDFAE}
	EndGlobalSection
EndGlobal
