
Microsoft Visual Studio Solution File, Format Version 12.00
# Visual Studio 15
VisualStudioVersion = 15.0.26124.0
MinimumVisualStudioVersion = 15.0.26124.0
Project("{FAE04EC0-301F-11D3-BF4B-00C04F79EFBC}") = "Microservices.Services.Posts", "Microservices.Services.Posts\Microservices.Services.Posts.csproj", "{A6245F12-E979-4188-99C5-70158CFBED2B}"
EndProject
Project("{FAE04EC0-301F-11D3-BF4B-00C04F79EFBC}") = "Microservices.Common.Types", "Microservices.Common.Types\Microservices.Common.Types.csproj", "{0B8D8CE8-8F2D-431F-8B90-EE8683655584}"
EndProject
Project("{FAE04EC0-301F-11D3-BF4B-00C04F79EFBC}") = "Microservices.Common.MongoDb", "Microservices.Common.MongoDb\Microservices.Common.MongoDb.csproj", "{FA9A3039-0BA0-4A50-B798-DAFABD5C28EF}"
EndProject
Project("{FAE04EC0-301F-11D3-BF4B-00C04F79EFBC}") = "Microservices.Common.CQRS", "Microservices.Common.CQRS\Microservices.Common.CQRS.csproj", "{01C7181C-9699-4A67-BA6F-22AEB52D8037}"
EndProject
Project("{FAE04EC0-301F-11D3-BF4B-00C04F79EFBC}") = "Microservices.Common.Prometheus", "Microservices.Common.Prometheus\Microservices.Common.Prometheus.csproj", "{94C2310A-C3E8-48DE-87FA-2F0D2B83B364}"
EndProject
Project("{FAE04EC0-301F-11D3-BF4B-00C04F79EFBC}") = "Microservices.Common.Api", "Microservices.Common.Api\Microservices.Common.Api.csproj", "{D75AB764-3DFA-4B3A-AEC0-81324C5067F7}"
EndProject
Global
	GlobalSection(SolutionConfigurationPlatforms) = preSolution
		Debug|Any CPU = Debug|Any CPU
		Debug|x64 = Debug|x64
		Debug|x86 = Debug|x86
		Release|Any CPU = Release|Any CPU
		Release|x64 = Release|x64
		Release|x86 = Release|x86
	EndGlobalSection
	GlobalSection(SolutionProperties) = preSolution
		HideSolutionNode = FALSE
	EndGlobalSection
	GlobalSection(ProjectConfigurationPlatforms) = postSolution
		{A6245F12-E979-4188-99C5-70158CFBED2B}.Debug|Any CPU.ActiveCfg = Debug|Any CPU
		{A6245F12-E979-4188-99C5-70158CFBED2B}.Debug|Any CPU.Build.0 = Debug|Any CPU
		{A6245F12-E979-4188-99C5-70158CFBED2B}.Debug|x64.ActiveCfg = Debug|Any CPU
		{A6245F12-E979-4188-99C5-70158CFBED2B}.Debug|x64.Build.0 = Debug|Any CPU
		{A6245F12-E979-4188-99C5-70158CFBED2B}.Debug|x86.ActiveCfg = Debug|Any CPU
		{A6245F12-E979-4188-99C5-70158CFBED2B}.Debug|x86.Build.0 = Debug|Any CPU
		{A6245F12-E979-4188-99C5-70158CFBED2B}.Release|Any CPU.ActiveCfg = Release|Any CPU
		{A6245F12-E979-4188-99C5-70158CFBED2B}.Release|Any CPU.Build.0 = Release|Any CPU
		{A6245F12-E979-4188-99C5-70158CFBED2B}.Release|x64.ActiveCfg = Release|Any CPU
		{A6245F12-E979-4188-99C5-70158CFBED2B}.Release|x64.Build.0 = Release|Any CPU
		{A6245F12-E979-4188-99C5-70158CFBED2B}.Release|x86.ActiveCfg = Release|Any CPU
		{A6245F12-E979-4188-99C5-70158CFBED2B}.Release|x86.Build.0 = Release|Any CPU
		{0B8D8CE8-8F2D-431F-8B90-EE8683655584}.Debug|Any CPU.ActiveCfg = Debug|Any CPU
		{0B8D8CE8-8F2D-431F-8B90-EE8683655584}.Debug|Any CPU.Build.0 = Debug|Any CPU
		{0B8D8CE8-8F2D-431F-8B90-EE8683655584}.Debug|x64.ActiveCfg = Debug|Any CPU
		{0B8D8CE8-8F2D-431F-8B90-EE8683655584}.Debug|x64.Build.0 = Debug|Any CPU
		{0B8D8CE8-8F2D-431F-8B90-EE8683655584}.Debug|x86.ActiveCfg = Debug|Any CPU
		{0B8D8CE8-8F2D-431F-8B90-EE8683655584}.Debug|x86.Build.0 = Debug|Any CPU
		{0B8D8CE8-8F2D-431F-8B90-EE8683655584}.Release|Any CPU.ActiveCfg = Release|Any CPU
		{0B8D8CE8-8F2D-431F-8B90-EE8683655584}.Release|Any CPU.Build.0 = Release|Any CPU
		{0B8D8CE8-8F2D-431F-8B90-EE8683655584}.Release|x64.ActiveCfg = Release|Any CPU
		{0B8D8CE8-8F2D-431F-8B90-EE8683655584}.Release|x64.Build.0 = Release|Any CPU
		{0B8D8CE8-8F2D-431F-8B90-EE8683655584}.Release|x86.ActiveCfg = Release|Any CPU
		{0B8D8CE8-8F2D-431F-8B90-EE8683655584}.Release|x86.Build.0 = Release|Any CPU
		{FA9A3039-0BA0-4A50-B798-DAFABD5C28EF}.Debug|Any CPU.ActiveCfg = Debug|Any CPU
		{FA9A3039-0BA0-4A50-B798-DAFABD5C28EF}.Debug|Any CPU.Build.0 = Debug|Any CPU
		{FA9A3039-0BA0-4A50-B798-DAFABD5C28EF}.Debug|x64.ActiveCfg = Debug|Any CPU
		{FA9A3039-0BA0-4A50-B798-DAFABD5C28EF}.Debug|x64.Build.0 = Debug|Any CPU
		{FA9A3039-0BA0-4A50-B798-DAFABD5C28EF}.Debug|x86.ActiveCfg = Debug|Any CPU
		{FA9A3039-0BA0-4A50-B798-DAFABD5C28EF}.Debug|x86.Build.0 = Debug|Any CPU
		{FA9A3039-0BA0-4A50-B798-DAFABD5C28EF}.Release|Any CPU.ActiveCfg = Release|Any CPU
		{FA9A3039-0BA0-4A50-B798-DAFABD5C28EF}.Release|Any CPU.Build.0 = Release|Any CPU
		{FA9A3039-0BA0-4A50-B798-DAFABD5C28EF}.Release|x64.ActiveCfg = Release|Any CPU
		{FA9A3039-0BA0-4A50-B798-DAFABD5C28EF}.Release|x64.Build.0 = Release|Any CPU
		{FA9A3039-0BA0-4A50-B798-DAFABD5C28EF}.Release|x86.ActiveCfg = Release|Any CPU
		{FA9A3039-0BA0-4A50-B798-DAFABD5C28EF}.Release|x86.Build.0 = Release|Any CPU
		{01C7181C-9699-4A67-BA6F-22AEB52D8037}.Debug|Any CPU.ActiveCfg = Debug|Any CPU
		{01C7181C-9699-4A67-BA6F-22AEB52D8037}.Debug|Any CPU.Build.0 = Debug|Any CPU
		{01C7181C-9699-4A67-BA6F-22AEB52D8037}.Debug|x64.ActiveCfg = Debug|Any CPU
		{01C7181C-9699-4A67-BA6F-22AEB52D8037}.Debug|x64.Build.0 = Debug|Any CPU
		{01C7181C-9699-4A67-BA6F-22AEB52D8037}.Debug|x86.ActiveCfg = Debug|Any CPU
		{01C7181C-9699-4A67-BA6F-22AEB52D8037}.Debug|x86.Build.0 = Debug|Any CPU
		{01C7181C-9699-4A67-BA6F-22AEB52D8037}.Release|Any CPU.ActiveCfg = Release|Any CPU
		{01C7181C-9699-4A67-BA6F-22AEB52D8037}.Release|Any CPU.Build.0 = Release|Any CPU
		{01C7181C-9699-4A67-BA6F-22AEB52D8037}.Release|x64.ActiveCfg = Release|Any CPU
		{01C7181C-9699-4A67-BA6F-22AEB52D8037}.Release|x64.Build.0 = Release|Any CPU
		{01C7181C-9699-4A67-BA6F-22AEB52D8037}.Release|x86.ActiveCfg = Release|Any CPU
		{01C7181C-9699-4A67-BA6F-22AEB52D8037}.Release|x86.Build.0 = Release|Any CPU
		{94C2310A-C3E8-48DE-87FA-2F0D2B83B364}.Debug|Any CPU.ActiveCfg = Debug|Any CPU
		{94C2310A-C3E8-48DE-87FA-2F0D2B83B364}.Debug|Any CPU.Build.0 = Debug|Any CPU
		{94C2310A-C3E8-48DE-87FA-2F0D2B83B364}.Debug|x64.ActiveCfg = Debug|Any CPU
		{94C2310A-C3E8-48DE-87FA-2F0D2B83B364}.Debug|x64.Build.0 = Debug|Any CPU
		{94C2310A-C3E8-48DE-87FA-2F0D2B83B364}.Debug|x86.ActiveCfg = Debug|Any CPU
		{94C2310A-C3E8-48DE-87FA-2F0D2B83B364}.Debug|x86.Build.0 = Debug|Any CPU
		{94C2310A-C3E8-48DE-87FA-2F0D2B83B364}.Release|Any CPU.ActiveCfg = Release|Any CPU
		{94C2310A-C3E8-48DE-87FA-2F0D2B83B364}.Release|Any CPU.Build.0 = Release|Any CPU
		{94C2310A-C3E8-48DE-87FA-2F0D2B83B364}.Release|x64.ActiveCfg = Release|Any CPU
		{94C2310A-C3E8-48DE-87FA-2F0D2B83B364}.Release|x64.Build.0 = Release|Any CPU
		{94C2310A-C3E8-48DE-87FA-2F0D2B83B364}.Release|x86.ActiveCfg = Release|Any CPU
		{94C2310A-C3E8-48DE-87FA-2F0D2B83B364}.Release|x86.Build.0 = Release|Any CPU
		{D75AB764-3DFA-4B3A-AEC0-81324C5067F7}.Debug|Any CPU.ActiveCfg = Debug|Any CPU
		{D75AB764-3DFA-4B3A-AEC0-81324C5067F7}.Debug|Any CPU.Build.0 = Debug|Any CPU
		{D75AB764-3DFA-4B3A-AEC0-81324C5067F7}.Debug|x64.ActiveCfg = Debug|Any CPU
		{D75AB764-3DFA-4B3A-AEC0-81324C5067F7}.Debug|x64.Build.0 = Debug|Any CPU
		{D75AB764-3DFA-4B3A-AEC0-81324C5067F7}.Debug|x86.ActiveCfg = Debug|Any CPU
		{D75AB764-3DFA-4B3A-AEC0-81324C5067F7}.Debug|x86.Build.0 = Debug|Any CPU
		{D75AB764-3DFA-4B3A-AEC0-81324C5067F7}.Release|Any CPU.ActiveCfg = Release|Any CPU
		{D75AB764-3DFA-4B3A-AEC0-81324C5067F7}.Release|Any CPU.Build.0 = Release|Any CPU
		{D75AB764-3DFA-4B3A-AEC0-81324C5067F7}.Release|x64.ActiveCfg = Release|Any CPU
		{D75AB764-3DFA-4B3A-AEC0-81324C5067F7}.Release|x64.Build.0 = Release|Any CPU
		{D75AB764-3DFA-4B3A-AEC0-81324C5067F7}.Release|x86.ActiveCfg = Release|Any CPU
		{D75AB764-3DFA-4B3A-AEC0-81324C5067F7}.Release|x86.Build.0 = Release|Any CPU
	EndGlobalSection
EndGlobal
